
Microsoft Visual Studio Solution File, Format Version 12.00
# Visual Studio Version 17
VisualStudioVersion = 17.12.35506.116 d17.12
MinimumVisualStudioVersion = 10.0.40219.1
Project("{2150E333-8FDC-42A3-9474-1A3956D46DE8}") = "src", "src", "{C46BBB3B-F8BC-43E4-A35E-66E070264F19}"
EndProject
Project("{2150E333-8FDC-42A3-9474-1A3956D46DE8}") = "Services", "Services", "{0F34CEDC-316F-40AB-A55C-120BAAEF997F}"
EndProject
Global
	GlobalSection(SolutionProperties) = preSolution
		HideSolutionNode = FALSE
	EndGlobalSection
	GlobalSection(NestedProjects) = preSolution
		{0F34CEDC-316F-40AB-A55C-120BAAEF997F} = {C46BBB3B-F8BC-43E4-A35E-66E070264F19}
	EndGlobalSection
EndGlobal
