
Microsoft Visual Studio Solution File, Format Version 12.00
# Visual Studio Version 17
VisualStudioVersion = 17.12.35506.116
MinimumVisualStudioVersion = 10.0.40219.1
Project("{2150E333-8FDC-42A3-9474-1A3956D46DE8}") = "src", "src", "{C46BBB3B-F8BC-43E4-A35E-66E070264F19}"
EndProject
Project("{2150E333-8FDC-42A3-9474-1A3956D46DE8}") = "Services", "Services", "{0F34CEDC-316F-40AB-A55C-120BAAEF997F}"
EndProject
Project("{FAE04EC0-301F-11D3-BF4B-00C04F79EFBC}") = "MSProductAPI", "MSTempProj.ProjectAPI\MSProductAPI.csproj", "{1C744AAE-8BE3-46E7-B0FD-7E49E3BDB290}"
EndProject
Project("{FAE04EC0-301F-11D3-BF4B-00C04F79EFBC}") = "MSOrderAPI", "MSOrderAPI\MSOrderAPI.csproj", "{81A9EF1A-A196-43F5-92FD-9C062541831F}"
EndProject
Project("{FAE04EC0-301F-11D3-BF4B-00C04F79EFBC}") = "MSCartAPI", "MSCartAPI\MSCartAPI.csproj", "{0E34A887-0847-4406-BF14-480254F4F01A}"
EndProject
Project("{FAE04EC0-301F-11D3-BF4B-00C04F79EFBC}") = "MSCheckoutAPI", "MSCheckoutAPI\MSCheckoutAPI.csproj", "{B4478632-B680-452F-8DC4-B344EE45C2E5}"
EndProject
Project("{2150E333-8FDC-42A3-9474-1A3956D46DE8}") = "ApiGateway", "ApiGateway", "{70EA09C9-D48B-4A5A-B62D-CAABB49505F8}"
EndProject
Project("{FAE04EC0-301F-11D3-BF4B-00C04F79EFBC}") = "MSApiGateway", "MSApiGateway\MSApiGateway.csproj", "{EEEB8491-DE9A-4A42-9FB5-DDA86136DECA}"
EndProject
Global
	GlobalSection(SolutionConfigurationPlatforms) = preSolution
		Debug|Any CPU = Debug|Any CPU
		Release|Any CPU = Release|Any CPU
	EndGlobalSection
	GlobalSection(ProjectConfigurationPlatforms) = postSolution
		{1C744AAE-8BE3-46E7-B0FD-7E49E3BDB290}.Debug|Any CPU.ActiveCfg = Debug|Any CPU
		{1C744AAE-8BE3-46E7-B0FD-7E49E3BDB290}.Debug|Any CPU.Build.0 = Debug|Any CPU
		{1C744AAE-8BE3-46E7-B0FD-7E49E3BDB290}.Release|Any CPU.ActiveCfg = Release|Any CPU
		{1C744AAE-8BE3-46E7-B0FD-7E49E3BDB290}.Release|Any CPU.Build.0 = Release|Any CPU
		{81A9EF1A-A196-43F5-92FD-9C062541831F}.Debug|Any CPU.ActiveCfg = Debug|Any CPU
		{81A9EF1A-A196-43F5-92FD-9C062541831F}.Debug|Any CPU.Build.0 = Debug|Any CPU
		{81A9EF1A-A196-43F5-92FD-9C062541831F}.Release|Any CPU.ActiveCfg = Release|Any CPU
		{81A9EF1A-A196-43F5-92FD-9C062541831F}.Release|Any CPU.Build.0 = Release|Any CPU
		{0E34A887-0847-4406-BF14-480254F4F01A}.Debug|Any CPU.ActiveCfg = Debug|Any CPU
		{0E34A887-0847-4406-BF14-480254F4F01A}.Debug|Any CPU.Build.0 = Debug|Any CPU
		{0E34A887-0847-4406-BF14-480254F4F01A}.Release|Any CPU.ActiveCfg = Release|Any CPU
		{0E34A887-0847-4406-BF14-480254F4F01A}.Release|Any CPU.Build.0 = Release|Any CPU
		{B4478632-B680-452F-8DC4-B344EE45C2E5}.Debug|Any CPU.ActiveCfg = Debug|Any CPU
		{B4478632-B680-452F-8DC4-B344EE45C2E5}.Debug|Any CPU.Build.0 = Debug|Any CPU
		{B4478632-B680-452F-8DC4-B344EE45C2E5}.Release|Any CPU.ActiveCfg = Release|Any CPU
		{B4478632-B680-452F-8DC4-B344EE45C2E5}.Release|Any CPU.Build.0 = Release|Any CPU
		{EEEB8491-DE9A-4A42-9FB5-DDA86136DECA}.Debug|Any CPU.ActiveCfg = Debug|Any CPU
		{EEEB8491-DE9A-4A42-9FB5-DDA86136DECA}.Debug|Any CPU.Build.0 = Debug|Any CPU
		{EEEB8491-DE9A-4A42-9FB5-DDA86136DECA}.Release|Any CPU.ActiveCfg = Release|Any CPU
		{EEEB8491-DE9A-4A42-9FB5-DDA86136DECA}.Release|Any CPU.Build.0 = Release|Any CPU
	EndGlobalSection
	GlobalSection(SolutionProperties) = preSolution
		HideSolutionNode = FALSE
	EndGlobalSection
	GlobalSection(NestedProjects) = preSolution
		{0F34CEDC-316F-40AB-A55C-120BAAEF997F} = {C46BBB3B-F8BC-43E4-A35E-66E070264F19}
		{1C744AAE-8BE3-46E7-B0FD-7E49E3BDB290} = {0F34CEDC-316F-40AB-A55C-120BAAEF997F}
		{81A9EF1A-A196-43F5-92FD-9C062541831F} = {0F34CEDC-316F-40AB-A55C-120BAAEF997F}
		{0E34A887-0847-4406-BF14-480254F4F01A} = {0F34CEDC-316F-40AB-A55C-120BAAEF997F}
		{B4478632-B680-452F-8DC4-B344EE45C2E5} = {0F34CEDC-316F-40AB-A55C-120BAAEF997F}
		{70EA09C9-D48B-4A5A-B62D-CAABB49505F8} = {C46BBB3B-F8BC-43E4-A35E-66E070264F19}
		{EEEB8491-DE9A-4A42-9FB5-DDA86136DECA} = {70EA09C9-D48B-4A5A-B62D-CAABB49505F8}
	EndGlobalSection
EndGlobal
